// !$*UTF8*$!
{
	archiveVersion = 1;
	classes = {
	};
	objectVersion = 50;
	objects = {

/* Begin PBXBuildFile section */
		F40B93E722AE2134009839DD /* AppDelegate.m in Sources */ = {isa = PBXBuildFile; fileRef = F40B93E622AE2134009839DD /* AppDelegate.m */; };
		F40B93ED22AE2134009839DD /* Main.storyboard in Resources */ = {isa = PBXBuildFile; fileRef = F40B93EB22AE2134009839DD /* Main.storyboard */; };
		F40B93EF22AE2135009839DD /* Assets.xcassets in Resources */ = {isa = PBXBuildFile; fileRef = F40B93EE22AE2135009839DD /* Assets.xcassets */; };
		F40B93F222AE2135009839DD /* LaunchScreen.storyboard in Resources */ = {isa = PBXBuildFile; fileRef = F40B93F022AE2135009839DD /* LaunchScreen.storyboard */; };
		F40B93F522AE2135009839DD /* main.m in Sources */ = {isa = PBXBuildFile; fileRef = F40B93F422AE2135009839DD /* main.m */; };
		F40B93FD22AE27A3009839DD /* ViewController1.m in Sources */ = {isa = PBXBuildFile; fileRef = F40B93FC22AE27A3009839DD /* ViewController1.m */; };
		F40B940022AE27C1009839DD /* ViewController2.m in Sources */ = {isa = PBXBuildFile; fileRef = F40B93FF22AE27C1009839DD /* ViewController2.m */; };
		F40B940322AE3589009839DD /* ViewController3.m in Sources */ = {isa = PBXBuildFile; fileRef = F40B940222AE3589009839DD /* ViewController3.m */; };
		F415F22B22B6C6FE002D4881 /* ViewController4.m in Sources */ = {isa = PBXBuildFile; fileRef = F415F22A22B6C6FE002D4881 /* ViewController4.m */; };
		F415F22E22B6C786002D4881 /* CustomView.m in Sources */ = {isa = PBXBuildFile; fileRef = F415F22D22B6C786002D4881 /* CustomView.m */; };
/* End PBXBuildFile section */

/* Begin PBXFileReference section */
		F40B93E222AE2134009839DD /* NotificationTutorial.app */ = {isa = PBXFileReference; explicitFileType = wrapper.application; includeInIndex = 0; path = NotificationTutorial.app; sourceTree = BUILT_PRODUCTS_DIR; };
		F40B93E522AE2134009839DD /* AppDelegate.h */ = {isa = PBXFileReference; lastKnownFileType = sourcecode.c.h; path = AppDelegate.h; sourceTree = "<group>"; };
		F40B93E622AE2134009839DD /* AppDelegate.m */ = {isa = PBXFileReference; lastKnownFileType = sourcecode.c.objc; path = AppDelegate.m; sourceTree = "<group>"; };
		F40B93EC22AE2134009839DD /* Base */ = {isa = PBXFileReference; lastKnownFileType = file.storyboard; name = Base; path = Base.lproj/Main.storyboard; sourceTree = "<group>"; };
		F40B93EE22AE2135009839DD /* Assets.xcassets */ = {isa = PBXFileReference; lastKnownFileType = folder.assetcatalog; path = Assets.xcassets; sourceTree = "<group>"; };
		F40B93F122AE2135009839DD /* Base */ = {isa = PBXFileReference; lastKnownFileType = file.storyboard; name = Base; path = Base.lproj/LaunchScreen.storyboard; sourceTree = "<group>"; };
		F40B93F322AE2135009839DD /* Info.plist */ = {isa = PBXFileReference; lastKnownFileType = text.plist.xml; path = Info.plist; sourceTree = "<group>"; };
		F40B93F422AE2135009839DD /* main.m */ = {isa = PBXFileReference; lastKnownFileType = sourcecode.c.objc; path = main.m; sourceTree = "<group>"; };
		F40B93FB22AE27A3009839DD /* ViewController1.h */ = {isa = PBXFileReference; lastKnownFileType = sourcecode.c.h; path = ViewController1.h; sourceTree = "<group>"; };
		F40B93FC22AE27A3009839DD /* ViewController1.m */ = {isa = PBXFileReference; lastKnownFileType = sourcecode.c.objc; path = ViewController1.m; sourceTree = "<group>"; };
		F40B93FE22AE27C1009839DD /* ViewController2.h */ = {isa = PBXFileReference; lastKnownFileType = sourcecode.c.h; path = ViewController2.h; sourceTree = "<group>"; };
		F40B93FF22AE27C1009839DD /* ViewController2.m */ = {isa = PBXFileReference; lastKnownFileType = sourcecode.c.objc; path = ViewController2.m; sourceTree = "<group>"; };
		F40B940122AE3589009839DD /* ViewController3.h */ = {isa = PBXFileReference; lastKnownFileType = sourcecode.c.h; path = ViewController3.h; sourceTree = "<group>"; };
		F40B940222AE3589009839DD /* ViewController3.m */ = {isa = PBXFileReference; lastKnownFileType = sourcecode.c.objc; path = ViewController3.m; sourceTree = "<group>"; };
		F415F22922B6C6FE002D4881 /* ViewController4.h */ = {isa = PBXFileReference; lastKnownFileType = sourcecode.c.h; path = ViewController4.h; sourceTree = "<group>"; };
		F415F22A22B6C6FE002D4881 /* ViewController4.m */ = {isa = PBXFileReference; lastKnownFileType = sourcecode.c.objc; path = ViewController4.m; sourceTree = "<group>"; };
		F415F22C22B6C786002D4881 /* CustomView.h */ = {isa = PBXFileReference; lastKnownFileType = sourcecode.c.h; path = CustomView.h; sourceTree = "<group>"; };
		F415F22D22B6C786002D4881 /* CustomView.m */ = {isa = PBXFileReference; lastKnownFileType = sourcecode.c.objc; path = CustomView.m; sourceTree = "<group>"; };
/* End PBXFileReference section */

/* Begin PBXFrameworksBuildPhase section */
		F40B93DF22AE2134009839DD /* Frameworks */ = {
			isa = PBXFrameworksBuildPhase;
			buildActionMask = 2147483647;
			files = (
			);
			runOnlyForDeploymentPostprocessing = 0;
		};
/* End PBXFrameworksBuildPhase section */

/* Begin PBXGroup section */
		F40B93D922AE2134009839DD = {
			isa = PBXGroup;
			children = (
				F40B93E422AE2134009839DD /* NotificationTutorial */,
				F40B93E322AE2134009839DD /* Products */,
			);
			sourceTree = "<group>";
		};
		F40B93E322AE2134009839DD /* Products */ = {
			isa = PBXGroup;
			children = (
				F40B93E222AE2134009839DD /* NotificationTutorial.app */,
			);
			name = Products;
			sourceTree = "<group>";
		};
		F40B93E422AE2134009839DD /* NotificationTutorial */ = {
			isa = PBXGroup;
			children = (
				F40B93FB22AE27A3009839DD /* ViewController1.h */,
				F40B93FC22AE27A3009839DD /* ViewController1.m */,
				F40B93FE22AE27C1009839DD /* ViewController2.h */,
				F40B93FF22AE27C1009839DD /* ViewController2.m */,
				F40B940122AE3589009839DD /* ViewController3.h */,
				F40B940222AE3589009839DD /* ViewController3.m */,
				F40B93E522AE2134009839DD /* AppDelegate.h */,
				F40B93E622AE2134009839DD /* AppDelegate.m */,
				F40B93EB22AE2134009839DD /* Main.storyboard */,
				F415F22C22B6C786002D4881 /* CustomView.h */,
				F415F22D22B6C786002D4881 /* CustomView.m */,
				F415F22922B6C6FE002D4881 /* ViewController4.h */,
				F415F22A22B6C6FE002D4881 /* ViewController4.m */,
				F40B93EE22AE2135009839DD /* Assets.xcassets */,
				F40B93F022AE2135009839DD /* LaunchScreen.storyboard */,
				F40B93F322AE2135009839DD /* Info.plist */,
				F40B93F422AE2135009839DD /* main.m */,
			);
			path = NotificationTutorial;
			sourceTree = "<group>";
		};
/* End PBXGroup section */

/* Begin PBXNativeTarget section */
		F40B93E122AE2134009839DD /* NotificationTutorial */ = {
			isa = PBXNativeTarget;
			buildConfigurationList = F40B93F822AE2135009839DD /* Build configuration list for PBXNativeTarget "NotificationTutorial" */;
			buildPhases = (
				F40B93DE22AE2134009839DD /* Sources */,
				F40B93DF22AE2134009839DD /* Frameworks */,
				F40B93E022AE2134009839DD /* Resources */,
			);
			buildRules = (
			);
			dependencies = (
			);
			name = NotificationTutorial;
			productName = NotificationTutorial;
			productReference = F40B93E222AE2134009839DD /* NotificationTutorial.app */;
			productType = "com.apple.product-type.application";
		};
/* End PBXNativeTarget section */

/* Begin PBXProject section */
		F40B93DA22AE2134009839DD /* Project object */ = {
			isa = PBXProject;
			attributes = {
				LastUpgradeCheck = 1020;
				ORGANIZATIONNAME = LogicIO;
				TargetAttributes = {
					F40B93E122AE2134009839DD = {
						CreatedOnToolsVersion = 10.2.1;
					};
				};
			};
			buildConfigurationList = F40B93DD22AE2134009839DD /* Build configuration list for PBXProject "NotificationTutorial" */;
			compatibilityVersion = "Xcode 9.3";
			developmentRegion = en;
			hasScannedForEncodings = 0;
			knownRegions = (
				en,
				Base,
			);
			mainGroup = F40B93D922AE2134009839DD;
			productRefGroup = F40B93E322AE2134009839DD /* Products */;
			projectDirPath = "";
			projectRoot = "";
			targets = (
				F40B93E122AE2134009839DD /* NotificationTutorial */,
			);
		};
/* End PBXProject section */

/* Begin PBXResourcesBuildPhase section */
		F40B93E022AE2134009839DD /* Resources */ = {
			isa = PBXResourcesBuildPhase;
			buildActionMask = 2147483647;
			files = (
				F40B93F222AE2135009839DD /* LaunchScreen.storyboard in Resources */,
				F40B93EF22AE2135009839DD /* Assets.xcassets in Resources */,
				F40B93ED22AE2134009839DD /* Main.storyboard in Resources */,
			);
			runOnlyForDeploymentPostprocessing = 0;
		};
/* End PBXResourcesBuildPhase section */

/* Begin PBXSourcesBuildPhase section */
		F40B93DE22AE2134009839DD /* Sources */ = {
			isa = PBXSourcesBuildPhase;
			buildActionMask = 2147483647;
			files = (
				F40B93F522AE2135009839DD /* main.m in Sources */,
				F40B940022AE27C1009839DD /* ViewController2.m in Sources */,
				F40B93E722AE2134009839DD /* AppDelegate.m in Sources */,
				F40B93FD22AE27A3009839DD /* ViewController1.m in Sources */,
				F415F22E22B6C786002D4881 /* CustomView.m in Sources */,
				F40B940322AE3589009839DD /* ViewController3.m in Sources */,
				F415F22B22B6C6FE002D4881 /* ViewController4.m in Sources */,
			);
			runOnlyForDeploymentPostprocessing = 0;
		};
/* End PBXSourcesBuildPhase section */

/* Begin PBXVariantGroup section */
		F40B93EB22AE2134009839DD /* Main.storyboard */ = {
			isa = PBXVariantGroup;
			children = (
				F40B93EC22AE2134009839DD /* Base */,
			);
			name = Main.storyboard;
			sourceTree = "<group>";
		};
		F40B93F022AE2135009839DD /* LaunchScreen.storyboard */ = {
			isa = PBXVariantGroup;
			children = (
				F40B93F122AE2135009839DD /* Base */,
			);
			name = LaunchScreen.storyboard;
			sourceTree = "<group>";
		};
/* End PBXVariantGroup section */

/* Begin XCBuildConfiguration section */
		F40B93F622AE2135009839DD /* Debug */ = {
			isa = XCBuildConfiguration;
			buildSettings = {
				ALWAYS_SEARCH_USER_PATHS = NO;
				CLANG_ANALYZER_NONNULL = YES;
				CLANG_ANALYZER_NUMBER_OBJECT_CONVERSION = YES_AGGRESSIVE;
				CLANG_CXX_LANGUAGE_STANDARD = "gnu++14";
				CLANG_CXX_LIBRARY = "libc++";
				CLANG_ENABLE_MODULES = YES;
				CLANG_ENABLE_OBJC_ARC = YES;
				CLANG_ENABLE_OBJC_WEAK = YES;
				CLANG_WARN_BLOCK_CAPTURE_AUTORELEASING = YES;
				CLANG_WARN_BOOL_CONVERSION = YES;
				CLANG_WARN_COMMA = YES;
				CLANG_WARN_CONSTANT_CONVERSION = YES;
				CLANG_WARN_DEPRECATED_OBJC_IMPLEMENTATIONS = YES;
				CLANG_WARN_DIRECT_OBJC_ISA_USAGE = YES_ERROR;
				CLANG_WARN_DOCUMENTATION_COMMENTS = YES;
				CLANG_WARN_EMPTY_BODY = YES;
				CLANG_WARN_ENUM_CONVERSION = YES;
				CLANG_WARN_INFINITE_RECURSION = YES;
				CLANG_WARN_INT_CONVERSION = YES;
				CLANG_WARN_NON_LITERAL_NULL_CONVERSION = YES;
				CLANG_WARN_OBJC_IMPLICIT_RETAIN_SELF = YES;
				CLANG_WARN_OBJC_LITERAL_CONVERSION = YES;
				CLANG_WARN_OBJC_ROOT_CLASS = YES_ERROR;
				CLANG_WARN_RANGE_LOOP_ANALYSIS = YES;
				CLANG_WARN_STRICT_PROTOTYPES = YES;
				CLANG_WARN_SUSPICIOUS_MOVE = YES;
				CLANG_WARN_UNGUARDED_AVAILABILITY = YES_AGGRESSIVE;
				CLANG_WARN_UNREACHABLE_CODE = YES;
				CLANG_WARN__DUPLICATE_METHOD_MATCH = YES;
				CODE_SIGN_IDENTITY = "iPhone Developer";
				COPY_PHASE_STRIP = NO;
				DEBUG_INFORMATION_FORMAT = dwarf;
				ENABLE_STRICT_OBJC_MSGSEND = YES;
				ENABLE_TESTABILITY = YES;
				GCC_C_LANGUAGE_STANDARD = gnu11;
				GCC_DYNAMIC_NO_PIC = NO;
				GCC_NO_COMMON_BLOCKS = YES;
				GCC_OPTIMIZATION_LEVEL = 0;
				GCC_PREPROCESSOR_DEFINITIONS = (
					"DEBUG=1",
					"$(inherited)",
				);
				GCC_WARN_64_TO_32_BIT_CONVERSION = YES;
				GCC_WARN_ABOUT_RETURN_TYPE = YES_ERROR;
				GCC_WARN_UNDECLARED_SELECTOR = YES;
				GCC_WARN_UNINITIALIZED_AUTOS = YES_AGGRESSIVE;
				GCC_WARN_UNUSED_FUNCTION = YES;
				GCC_WARN_UNUSED_VARIABLE = YES;
				IPHONEOS_DEPLOYMENT_TARGET = 12.2;
				MTL_ENABLE_DEBUG_INFO = INCLUDE_SOURCE;
				MTL_FAST_MATH = YES;
				ONLY_ACTIVE_ARCH = YES;
				SDKROOT = iphoneos;
			};
			name = Debug;
		};
		F40B93F722AE2135009839DD /* Release */ = {
			isa = XCBuildConfiguration;
			buildSettings = {
				ALWAYS_SEARCH_USER_PATHS = NO;
				CLANG_ANALYZER_NONNULL = YES;
				CLANG_ANALYZER_NUMBER_OBJECT_CONVERSION = YES_AGGRESSIVE;
				CLANG_CXX_LANGUAGE_STANDARD = "gnu++14";
				CLANG_CXX_LIBRARY = "libc++";
				CLANG_ENABLE_MODULES = YES;
				CLANG_ENABLE_OBJC_ARC = YES;
				CLANG_ENABLE_OBJC_WEAK = YES;
				CLANG_WARN_BLOCK_CAPTURE_AUTORELEASING = YES;
				CLANG_WARN_BOOL_CONVERSION = YES;
				CLANG_WARN_COMMA = YES;
				CLANG_WARN_CONSTANT_CONVERSION = YES;
				CLANG_WARN_DEPRECATED_OBJC_IMPLEMENTATIONS = YES;
				CLANG_WARN_DIRECT_OBJC_ISA_USAGE = YES_ERROR;
				CLANG_WARN_DOCUMENTATION_COMMENTS = YES;
				CLANG_WARN_EMPTY_BODY = YES;
				CLANG_WARN_ENUM_CONVERSION = YES;
				CLANG_WARN_INFINITE_RECURSION = YES;
				CLANG_WARN_INT_CONVERSION = YES;
				CLANG_WARN_NON_LITERAL_NULL_CONVERSION = YES;
				CLANG_WARN_OBJC_IMPLICIT_RETAIN_SELF = YES;
				CLANG_WARN_OBJC_LITERAL_CONVERSION = YES;
				CLANG_WARN_OBJC_ROOT_CLASS = YES_ERROR;
				CLANG_WARN_RANGE_LOOP_ANALYSIS = YES;
				CLANG_WARN_STRICT_PROTOTYPES = YES;
				CLANG_WARN_SUSPICIOUS_MOVE = YES;
				CLANG_WARN_UNGUARDED_AVAILABILITY = YES_AGGRESSIVE;
				CLANG_WARN_UNREACHABLE_CODE = YES;
				CLANG_WARN__DUPLICATE_METHOD_MATCH = YES;
				CODE_SIGN_IDENTITY = "iPhone Developer";
				COPY_PHASE_STRIP = NO;
				DEBUG_INFORMATION_FORMAT = "dwarf-with-dsym";
				ENABLE_NS_ASSERTIONS = NO;
				ENABLE_STRICT_OBJC_MSGSEND = YES;
				GCC_C_LANGUAGE_STANDARD = gnu11;
				GCC_NO_COMMON_BLOCKS = YES;
				GCC_WARN_64_TO_32_BIT_CONVERSION = YES;
				GCC_WARN_ABOUT_RETURN_TYPE = YES_ERROR;
				GCC_WARN_UNDECLARED_SELECTOR = YES;
				GCC_WARN_UNINITIALIZED_AUTOS = YES_AGGRESSIVE;
				GCC_WARN_UNUSED_FUNCTION = YES;
				GCC_WARN_UNUSED_VARIABLE = YES;
				IPHONEOS_DEPLOYMENT_TARGET = 12.2;
				MTL_ENABLE_DEBUG_INFO = NO;
				MTL_FAST_MATH = YES;
				SDKROOT = iphoneos;
				VALIDATE_PRODUCT = YES;
			};
			name = Release;
		};
		F40B93F922AE2135009839DD /* Debug */ = {
			isa = XCBuildConfiguration;
			buildSettings = {
				ASSETCATALOG_COMPILER_APPICON_NAME = AppIcon;
				CODE_SIGN_STYLE = Automatic;
				INFOPLIST_FILE = NotificationTutorial/Info.plist;
				LD_RUNPATH_SEARCH_PATHS = (
					"$(inherited)",
					"@executable_path/Frameworks",
				);
				PRODUCT_BUNDLE_IDENTIFIER = logic.io.NotificationTutorial;
				PRODUCT_NAME = "$(TARGET_NAME)";
				TARGETED_DEVICE_FAMILY = "1,2";
			};
			name = Debug;
		};
		F40B93FA22AE2135009839DD /* Release */ = {
			isa = XCBuildConfiguration;
			buildSettings = {
				ASSETCATALOG_COMPILER_APPICON_NAME = AppIcon;
				CODE_SIGN_STYLE = Automatic;
				INFOPLIST_FILE = NotificationTutorial/Info.plist;
				LD_RUNPATH_SEARCH_PATHS = (
					"$(inherited)",
					"@executable_path/Frameworks",
				);
				PRODUCT_BUNDLE_IDENTIFIER = logic.io.NotificationTutorial;
				PRODUCT_NAME = "$(TARGET_NAME)";
				TARGETED_DEVICE_FAMILY = "1,2";
			};
			name = Release;
		};
/* End XCBuildConfiguration section */

/* Begin XCConfigurationList section */
		F40B93DD22AE2134009839DD /* Build configuration list for PBXProject "NotificationTutorial" */ = {
			isa = XCConfigurationList;
			buildConfigurations = (
				F40B93F622AE2135009839DD /* Debug */,
				F40B93F722AE2135009839DD /* Release */,
			);
			defaultConfigurationIsVisible = 0;
			defaultConfigurationName = Release;
		};
		F40B93F822AE2135009839DD /* Build configuration list for PBXNativeTarget "NotificationTutorial" */ = {
			isa = XCConfigurationList;
			buildConfigurations = (
				F40B93F922AE2135009839DD /* Debug */,
				F40B93FA22AE2135009839DD /* Release */,
			);
			defaultConfigurationIsVisible = 0;
			defaultConfigurationName = Release;
		};
/* End XCConfigurationList section */
	};
	rootObject = F40B93DA22AE2134009839DD /* Project object */;
}
