// !$*UTF8*$!
{
	archiveVersion = 1;
	classes = {
	};
	objectVersion = 50;
	objects = {

/* Begin PBXBuildFile section */
		F48CB48E22A9BEED009BF052 /* RotationViewController.m in Sources */ = {isa = PBXBuildFile; fileRef = F48CB48D22A9BEED009BF052 /* RotationViewController.m */; };
		F48CB49122A9C242009BF052 /* EdgeViewController.m in Sources */ = {isa = PBXBuildFile; fileRef = F48CB49022A9C242009BF052 /* EdgeViewController.m */; };
		F499CB8722A9929F00B23B9C /* AppDelegate.m in Sources */ = {isa = PBXBuildFile; fileRef = F499CB8622A9929F00B23B9C /* AppDelegate.m */; };
		F499CB8D22A9929F00B23B9C /* Main.storyboard in Resources */ = {isa = PBXBuildFile; fileRef = F499CB8B22A9929F00B23B9C /* Main.storyboard */; };
		F499CB8F22A992A000B23B9C /* Assets.xcassets in Resources */ = {isa = PBXBuildFile; fileRef = F499CB8E22A992A000B23B9C /* Assets.xcassets */; };
		F499CB9222A992A000B23B9C /* LaunchScreen.storyboard in Resources */ = {isa = PBXBuildFile; fileRef = F499CB9022A992A000B23B9C /* LaunchScreen.storyboard */; };
		F499CB9522A992A000B23B9C /* main.m in Sources */ = {isa = PBXBuildFile; fileRef = F499CB9422A992A000B23B9C /* main.m */; };
		F499CB9E22A996B700B23B9C /* PanViewController.m in Sources */ = {isa = PBXBuildFile; fileRef = F499CB9D22A996B700B23B9C /* PanViewController.m */; };
		F499CBA122A996C700B23B9C /* TapViewController.m in Sources */ = {isa = PBXBuildFile; fileRef = F499CBA022A996C700B23B9C /* TapViewController.m */; };
		F499CBA422A9A08C00B23B9C /* PinchViewController.m in Sources */ = {isa = PBXBuildFile; fileRef = F499CBA322A9A08C00B23B9C /* PinchViewController.m */; };
		F499CBA722A9B32000B23B9C /* SwipeViewController.m in Sources */ = {isa = PBXBuildFile; fileRef = F499CBA622A9B32000B23B9C /* SwipeViewController.m */; };
/* End PBXBuildFile section */

/* Begin PBXFileReference section */
		F48CB48C22A9BEED009BF052 /* RotationViewController.h */ = {isa = PBXFileReference; lastKnownFileType = sourcecode.c.h; path = RotationViewController.h; sourceTree = "<group>"; };
		F48CB48D22A9BEED009BF052 /* RotationViewController.m */ = {isa = PBXFileReference; lastKnownFileType = sourcecode.c.objc; path = RotationViewController.m; sourceTree = "<group>"; };
		F48CB48F22A9C242009BF052 /* EdgeViewController.h */ = {isa = PBXFileReference; lastKnownFileType = sourcecode.c.h; path = EdgeViewController.h; sourceTree = "<group>"; };
		F48CB49022A9C242009BF052 /* EdgeViewController.m */ = {isa = PBXFileReference; lastKnownFileType = sourcecode.c.objc; path = EdgeViewController.m; sourceTree = "<group>"; };
		F499CB8222A9929F00B23B9C /* Gestures.app */ = {isa = PBXFileReference; explicitFileType = wrapper.application; includeInIndex = 0; path = Gestures.app; sourceTree = BUILT_PRODUCTS_DIR; };
		F499CB8522A9929F00B23B9C /* AppDelegate.h */ = {isa = PBXFileReference; lastKnownFileType = sourcecode.c.h; path = AppDelegate.h; sourceTree = "<group>"; };
		F499CB8622A9929F00B23B9C /* AppDelegate.m */ = {isa = PBXFileReference; lastKnownFileType = sourcecode.c.objc; path = AppDelegate.m; sourceTree = "<group>"; };
		F499CB8C22A9929F00B23B9C /* Base */ = {isa = PBXFileReference; lastKnownFileType = file.storyboard; name = Base; path = Base.lproj/Main.storyboard; sourceTree = "<group>"; };
		F499CB8E22A992A000B23B9C /* Assets.xcassets */ = {isa = PBXFileReference; lastKnownFileType = folder.assetcatalog; path = Assets.xcassets; sourceTree = "<group>"; };
		F499CB9122A992A000B23B9C /* Base */ = {isa = PBXFileReference; lastKnownFileType = file.storyboard; name = Base; path = Base.lproj/LaunchScreen.storyboard; sourceTree = "<group>"; };
		F499CB9322A992A000B23B9C /* Info.plist */ = {isa = PBXFileReference; lastKnownFileType = text.plist.xml; path = Info.plist; sourceTree = "<group>"; };
		F499CB9422A992A000B23B9C /* main.m */ = {isa = PBXFileReference; lastKnownFileType = sourcecode.c.objc; path = main.m; sourceTree = "<group>"; };
		F499CB9C22A996B700B23B9C /* PanViewController.h */ = {isa = PBXFileReference; lastKnownFileType = sourcecode.c.h; path = PanViewController.h; sourceTree = "<group>"; };
		F499CB9D22A996B700B23B9C /* PanViewController.m */ = {isa = PBXFileReference; lastKnownFileType = sourcecode.c.objc; path = PanViewController.m; sourceTree = "<group>"; };
		F499CB9F22A996C700B23B9C /* TapViewController.h */ = {isa = PBXFileReference; lastKnownFileType = sourcecode.c.h; path = TapViewController.h; sourceTree = "<group>"; };
		F499CBA022A996C700B23B9C /* TapViewController.m */ = {isa = PBXFileReference; lastKnownFileType = sourcecode.c.objc; path = TapViewController.m; sourceTree = "<group>"; };
		F499CBA222A9A08C00B23B9C /* PinchViewController.h */ = {isa = PBXFileReference; lastKnownFileType = sourcecode.c.h; path = PinchViewController.h; sourceTree = "<group>"; };
		F499CBA322A9A08C00B23B9C /* PinchViewController.m */ = {isa = PBXFileReference; lastKnownFileType = sourcecode.c.objc; path = PinchViewController.m; sourceTree = "<group>"; };
		F499CBA522A9B32000B23B9C /* SwipeViewController.h */ = {isa = PBXFileReference; lastKnownFileType = sourcecode.c.h; path = SwipeViewController.h; sourceTree = "<group>"; };
		F499CBA622A9B32000B23B9C /* SwipeViewController.m */ = {isa = PBXFileReference; lastKnownFileType = sourcecode.c.objc; path = SwipeViewController.m; sourceTree = "<group>"; };
/* End PBXFileReference section */

/* Begin PBXFrameworksBuildPhase section */
		F499CB7F22A9929F00B23B9C /* Frameworks */ = {
			isa = PBXFrameworksBuildPhase;
			buildActionMask = 2147483647;
			files = (
			);
			runOnlyForDeploymentPostprocessing = 0;
		};
/* End PBXFrameworksBuildPhase section */

/* Begin PBXGroup section */
		F499CB7922A9929F00B23B9C = {
			isa = PBXGroup;
			children = (
				F499CB8422A9929F00B23B9C /* Gestures */,
				F499CB8322A9929F00B23B9C /* Products */,
			);
			sourceTree = "<group>";
		};
		F499CB8322A9929F00B23B9C /* Products */ = {
			isa = PBXGroup;
			children = (
				F499CB8222A9929F00B23B9C /* Gestures.app */,
			);
			name = Products;
			sourceTree = "<group>";
		};
		F499CB8422A9929F00B23B9C /* Gestures */ = {
			isa = PBXGroup;
			children = (
				F499CB8B22A9929F00B23B9C /* Main.storyboard */,
				F48CB48F22A9C242009BF052 /* EdgeViewController.h */,
				F48CB49022A9C242009BF052 /* EdgeViewController.m */,
				F48CB48C22A9BEED009BF052 /* RotationViewController.h */,
				F48CB48D22A9BEED009BF052 /* RotationViewController.m */,
				F499CBA522A9B32000B23B9C /* SwipeViewController.h */,
				F499CBA622A9B32000B23B9C /* SwipeViewController.m */,
				F499CBA222A9A08C00B23B9C /* PinchViewController.h */,
				F499CBA322A9A08C00B23B9C /* PinchViewController.m */,
				F499CB9C22A996B700B23B9C /* PanViewController.h */,
				F499CB9D22A996B700B23B9C /* PanViewController.m */,
				F499CB9F22A996C700B23B9C /* TapViewController.h */,
				F499CBA022A996C700B23B9C /* TapViewController.m */,
				F499CB9322A992A000B23B9C /* Info.plist */,
				F499CB9B22A9934600B23B9C /* Supporting Files */,
			);
			path = Gestures;
			sourceTree = "<group>";
		};
		F499CB9B22A9934600B23B9C /* Supporting Files */ = {
			isa = PBXGroup;
			children = (
				F499CB8E22A992A000B23B9C /* Assets.xcassets */,
				F499CB8522A9929F00B23B9C /* AppDelegate.h */,
				F499CB8622A9929F00B23B9C /* AppDelegate.m */,
				F499CB9022A992A000B23B9C /* LaunchScreen.storyboard */,
				F499CB9422A992A000B23B9C /* main.m */,
			);
			path = "Supporting Files";
			sourceTree = "<group>";
		};
/* End PBXGroup section */

/* Begin PBXNativeTarget section */
		F499CB8122A9929F00B23B9C /* Gestures */ = {
			isa = PBXNativeTarget;
			buildConfigurationList = F499CB9822A992A000B23B9C /* Build configuration list for PBXNativeTarget "Gestures" */;
			buildPhases = (
				F499CB7E22A9929F00B23B9C /* Sources */,
				F499CB7F22A9929F00B23B9C /* Frameworks */,
				F499CB8022A9929F00B23B9C /* Resources */,
			);
			buildRules = (
			);
			dependencies = (
			);
			name = Gestures;
			productName = Gestures;
			productReference = F499CB8222A9929F00B23B9C /* Gestures.app */;
			productType = "com.apple.product-type.application";
		};
/* End PBXNativeTarget section */

/* Begin PBXProject section */
		F499CB7A22A9929F00B23B9C /* Project object */ = {
			isa = PBXProject;
			attributes = {
				LastUpgradeCheck = 1020;
				ORGANIZATIONNAME = LogicIO;
				TargetAttributes = {
					F499CB8122A9929F00B23B9C = {
						CreatedOnToolsVersion = 10.2.1;
					};
				};
			};
			buildConfigurationList = F499CB7D22A9929F00B23B9C /* Build configuration list for PBXProject "Gestures" */;
			compatibilityVersion = "Xcode 9.3";
			developmentRegion = en;
			hasScannedForEncodings = 0;
			knownRegions = (
				en,
				Base,
			);
			mainGroup = F499CB7922A9929F00B23B9C;
			productRefGroup = F499CB8322A9929F00B23B9C /* Products */;
			projectDirPath = "";
			projectRoot = "";
			targets = (
				F499CB8122A9929F00B23B9C /* Gestures */,
			);
		};
/* End PBXProject section */

/* Begin PBXResourcesBuildPhase section */
		F499CB8022A9929F00B23B9C /* Resources */ = {
			isa = PBXResourcesBuildPhase;
			buildActionMask = 2147483647;
			files = (
				F499CB9222A992A000B23B9C /* LaunchScreen.storyboard in Resources */,
				F499CB8F22A992A000B23B9C /* Assets.xcassets in Resources */,
				F499CB8D22A9929F00B23B9C /* Main.storyboard in Resources */,
			);
			runOnlyForDeploymentPostprocessing = 0;
		};
/* End PBXResourcesBuildPhase section */

/* Begin PBXSourcesBuildPhase section */
		F499CB7E22A9929F00B23B9C /* Sources */ = {
			isa = PBXSourcesBuildPhase;
			buildActionMask = 2147483647;
			files = (
				F499CB9E22A996B700B23B9C /* PanViewController.m in Sources */,
				F499CB9522A992A000B23B9C /* main.m in Sources */,
				F499CBA422A9A08C00B23B9C /* PinchViewController.m in Sources */,
				F48CB49122A9C242009BF052 /* EdgeViewController.m in Sources */,
				F48CB48E22A9BEED009BF052 /* RotationViewController.m in Sources */,
				F499CBA722A9B32000B23B9C /* SwipeViewController.m in Sources */,
				F499CBA122A996C700B23B9C /* TapViewController.m in Sources */,
				F499CB8722A9929F00B23B9C /* AppDelegate.m in Sources */,
			);
			runOnlyForDeploymentPostprocessing = 0;
		};
/* End PBXSourcesBuildPhase section */

/* Begin PBXVariantGroup section */
		F499CB8B22A9929F00B23B9C /* Main.storyboard */ = {
			isa = PBXVariantGroup;
			children = (
				F499CB8C22A9929F00B23B9C /* Base */,
			);
			name = Main.storyboard;
			sourceTree = "<group>";
		};
		F499CB9022A992A000B23B9C /* LaunchScreen.storyboard */ = {
			isa = PBXVariantGroup;
			children = (
				F499CB9122A992A000B23B9C /* Base */,
			);
			name = LaunchScreen.storyboard;
			sourceTree = "<group>";
		};
/* End PBXVariantGroup section */

/* Begin XCBuildConfiguration section */
		F499CB9622A992A000B23B9C /* Debug */ = {
			isa = XCBuildConfiguration;
			buildSettings = {
				ALWAYS_SEARCH_USER_PATHS = NO;
				CLANG_ANALYZER_NONNULL = YES;
				CLANG_ANALYZER_NUMBER_OBJECT_CONVERSION = YES_AGGRESSIVE;
				CLANG_CXX_LANGUAGE_STANDARD = "gnu++14";
				CLANG_CXX_LIBRARY = "libc++";
				CLANG_ENABLE_MODULES = YES;
				CLANG_ENABLE_OBJC_ARC = YES;
				CLANG_ENABLE_OBJC_WEAK = YES;
				CLANG_WARN_BLOCK_CAPTURE_AUTORELEASING = YES;
				CLANG_WARN_BOOL_CONVERSION = YES;
				CLANG_WARN_COMMA = YES;
				CLANG_WARN_CONSTANT_CONVERSION = YES;
				CLANG_WARN_DEPRECATED_OBJC_IMPLEMENTATIONS = YES;
				CLANG_WARN_DIRECT_OBJC_ISA_USAGE = YES_ERROR;
				CLANG_WARN_DOCUMENTATION_COMMENTS = YES;
				CLANG_WARN_EMPTY_BODY = YES;
				CLANG_WARN_ENUM_CONVERSION = YES;
				CLANG_WARN_INFINITE_RECURSION = YES;
				CLANG_WARN_INT_CONVERSION = YES;
				CLANG_WARN_NON_LITERAL_NULL_CONVERSION = YES;
				CLANG_WARN_OBJC_IMPLICIT_RETAIN_SELF = YES;
				CLANG_WARN_OBJC_LITERAL_CONVERSION = YES;
				CLANG_WARN_OBJC_ROOT_CLASS = YES_ERROR;
				CLANG_WARN_RANGE_LOOP_ANALYSIS = YES;
				CLANG_WARN_STRICT_PROTOTYPES = YES;
				CLANG_WARN_SUSPICIOUS_MOVE = YES;
				CLANG_WARN_UNGUARDED_AVAILABILITY = YES_AGGRESSIVE;
				CLANG_WARN_UNREACHABLE_CODE = YES;
				CLANG_WARN__DUPLICATE_METHOD_MATCH = YES;
				CODE_SIGN_IDENTITY = "iPhone Developer";
				COPY_PHASE_STRIP = NO;
				DEBUG_INFORMATION_FORMAT = dwarf;
				ENABLE_STRICT_OBJC_MSGSEND = YES;
				ENABLE_TESTABILITY = YES;
				GCC_C_LANGUAGE_STANDARD = gnu11;
				GCC_DYNAMIC_NO_PIC = NO;
				GCC_NO_COMMON_BLOCKS = YES;
				GCC_OPTIMIZATION_LEVEL = 0;
				GCC_PREPROCESSOR_DEFINITIONS = (
					"DEBUG=1",
					"$(inherited)",
				);
				GCC_WARN_64_TO_32_BIT_CONVERSION = YES;
				GCC_WARN_ABOUT_RETURN_TYPE = YES_ERROR;
				GCC_WARN_UNDECLARED_SELECTOR = YES;
				GCC_WARN_UNINITIALIZED_AUTOS = YES_AGGRESSIVE;
				GCC_WARN_UNUSED_FUNCTION = YES;
				GCC_WARN_UNUSED_VARIABLE = YES;
				IPHONEOS_DEPLOYMENT_TARGET = 12.2;
				MTL_ENABLE_DEBUG_INFO = INCLUDE_SOURCE;
				MTL_FAST_MATH = YES;
				ONLY_ACTIVE_ARCH = YES;
				SDKROOT = iphoneos;
			};
			name = Debug;
		};
		F499CB9722A992A000B23B9C /* Release */ = {
			isa = XCBuildConfiguration;
			buildSettings = {
				ALWAYS_SEARCH_USER_PATHS = NO;
				CLANG_ANALYZER_NONNULL = YES;
				CLANG_ANALYZER_NUMBER_OBJECT_CONVERSION = YES_AGGRESSIVE;
				CLANG_CXX_LANGUAGE_STANDARD = "gnu++14";
				CLANG_CXX_LIBRARY = "libc++";
				CLANG_ENABLE_MODULES = YES;
				CLANG_ENABLE_OBJC_ARC = YES;
				CLANG_ENABLE_OBJC_WEAK = YES;
				CLANG_WARN_BLOCK_CAPTURE_AUTORELEASING = YES;
				CLANG_WARN_BOOL_CONVERSION = YES;
				CLANG_WARN_COMMA = YES;
				CLANG_WARN_CONSTANT_CONVERSION = YES;
				CLANG_WARN_DEPRECATED_OBJC_IMPLEMENTATIONS = YES;
				CLANG_WARN_DIRECT_OBJC_ISA_USAGE = YES_ERROR;
				CLANG_WARN_DOCUMENTATION_COMMENTS = YES;
				CLANG_WARN_EMPTY_BODY = YES;
				CLANG_WARN_ENUM_CONVERSION = YES;
				CLANG_WARN_INFINITE_RECURSION = YES;
				CLANG_WARN_INT_CONVERSION = YES;
				CLANG_WARN_NON_LITERAL_NULL_CONVERSION = YES;
				CLANG_WARN_OBJC_IMPLICIT_RETAIN_SELF = YES;
				CLANG_WARN_OBJC_LITERAL_CONVERSION = YES;
				CLANG_WARN_OBJC_ROOT_CLASS = YES_ERROR;
				CLANG_WARN_RANGE_LOOP_ANALYSIS = YES;
				CLANG_WARN_STRICT_PROTOTYPES = YES;
				CLANG_WARN_SUSPICIOUS_MOVE = YES;
				CLANG_WARN_UNGUARDED_AVAILABILITY = YES_AGGRESSIVE;
				CLANG_WARN_UNREACHABLE_CODE = YES;
				CLANG_WARN__DUPLICATE_METHOD_MATCH = YES;
				CODE_SIGN_IDENTITY = "iPhone Developer";
				COPY_PHASE_STRIP = NO;
				DEBUG_INFORMATION_FORMAT = "dwarf-with-dsym";
				ENABLE_NS_ASSERTIONS = NO;
				ENABLE_STRICT_OBJC_MSGSEND = YES;
				GCC_C_LANGUAGE_STANDARD = gnu11;
				GCC_NO_COMMON_BLOCKS = YES;
				GCC_WARN_64_TO_32_BIT_CONVERSION = YES;
				GCC_WARN_ABOUT_RETURN_TYPE = YES_ERROR;
				GCC_WARN_UNDECLARED_SELECTOR = YES;
				GCC_WARN_UNINITIALIZED_AUTOS = YES_AGGRESSIVE;
				GCC_WARN_UNUSED_FUNCTION = YES;
				GCC_WARN_UNUSED_VARIABLE = YES;
				IPHONEOS_DEPLOYMENT_TARGET = 12.2;
				MTL_ENABLE_DEBUG_INFO = NO;
				MTL_FAST_MATH = YES;
				SDKROOT = iphoneos;
				VALIDATE_PRODUCT = YES;
			};
			name = Release;
		};
		F499CB9922A992A000B23B9C /* Debug */ = {
			isa = XCBuildConfiguration;
			buildSettings = {
				ASSETCATALOG_COMPILER_APPICON_NAME = AppIcon;
				CODE_SIGN_STYLE = Manual;
				DEVELOPMENT_TEAM = "";
				INFOPLIST_FILE = Gestures/Info.plist;
				LD_RUNPATH_SEARCH_PATHS = (
					"$(inherited)",
					"@executable_path/Frameworks",
				);
				PRODUCT_BUNDLE_IDENTIFIER = logic.io.Gestures;
				PRODUCT_NAME = "$(TARGET_NAME)";
				PROVISIONING_PROFILE_SPECIFIER = "";
				TARGETED_DEVICE_FAMILY = "1,2";
			};
			name = Debug;
		};
		F499CB9A22A992A000B23B9C /* Release */ = {
			isa = XCBuildConfiguration;
			buildSettings = {
				ASSETCATALOG_COMPILER_APPICON_NAME = AppIcon;
				CODE_SIGN_STYLE = Manual;
				DEVELOPMENT_TEAM = "";
				INFOPLIST_FILE = Gestures/Info.plist;
				LD_RUNPATH_SEARCH_PATHS = (
					"$(inherited)",
					"@executable_path/Frameworks",
				);
				PRODUCT_BUNDLE_IDENTIFIER = logic.io.Gestures;
				PRODUCT_NAME = "$(TARGET_NAME)";
				PROVISIONING_PROFILE_SPECIFIER = "";
				TARGETED_DEVICE_FAMILY = "1,2";
			};
			name = Release;
		};
/* End XCBuildConfiguration section */

/* Begin XCConfigurationList section */
		F499CB7D22A9929F00B23B9C /* Build configuration list for PBXProject "Gestures" */ = {
			isa = XCConfigurationList;
			buildConfigurations = (
				F499CB9622A992A000B23B9C /* Debug */,
				F499CB9722A992A000B23B9C /* Release */,
			);
			defaultConfigurationIsVisible = 0;
			defaultConfigurationName = Release;
		};
		F499CB9822A992A000B23B9C /* Build configuration list for PBXNativeTarget "Gestures" */ = {
			isa = XCConfigurationList;
			buildConfigurations = (
				F499CB9922A992A000B23B9C /* Debug */,
				F499CB9A22A992A000B23B9C /* Release */,
			);
			defaultConfigurationIsVisible = 0;
			defaultConfigurationName = Release;
		};
/* End XCConfigurationList section */
	};
	rootObject = F499CB7A22A9929F00B23B9C /* Project object */;
}
